sonata_block:
    context_manager: sonata.page.block.context_manager
    default_contexts: [cms]

    blocks:
        sonata.admin.block.admin_list:
            contexts:   [admin]

        sonata.block.service.rss:
        sonata.block.service.text:
        sonata.media.block.feature_media:
        sonata.media.block.gallery:
        sonata.media.block.media:
        sonata.page.block.container:
        sonata.page.block.children_pages: